
Microsoft Visual Studio Solution File, Format Version 12.00
# Visual Studio Version 16
VisualStudioVersion = 16.0.31424.327
MinimumVisualStudioVersion = 10.0.40219.1
Project("{2150E333-8FDC-42A3-9474-1A3956D46DE8}") = "Orders", "Orders", "{A6702454-EA89-48B0-8326-D1AAAFE5F70C}"
EndProject
Project("{FAE04EC0-301F-11D3-BF4B-00C04F79EFBC}") = "Oders.Entities", "Oders.Entities\Oders.Entities.csproj", "{94AA3DAC-F34E-472B-B397-C7E2F3325760}"
EndProject
Project("{FAE04EC0-301F-11D3-BF4B-00C04F79EFBC}") = "Orders.API", "Orders.API\Orders.API.csproj", "{8FD7CC8F-A041-4E44-AF17-990CFEE43F06}"
EndProject
Project("{2150E333-8FDC-42A3-9474-1A3956D46DE8}") = "Frontend", "Frontend", "{0D19C2FB-3BC5-45C4-A9DA-AD1690BE89E6}"
EndProject
Project("{FAE04EC0-301F-11D3-BF4B-00C04F79EFBC}") = "Restaurant.SPA", "Restaurant.SPA\Restaurant.SPA.csproj", "{D3B9B7DB-0B68-478C-8847-A1F10DFB5F7C}"
EndProject
Global
	GlobalSection(SolutionConfigurationPlatforms) = preSolution
		Debug|Any CPU = Debug|Any CPU
		Release|Any CPU = Release|Any CPU
	EndGlobalSection
	GlobalSection(ProjectConfigurationPlatforms) = postSolution
		{94AA3DAC-F34E-472B-B397-C7E2F3325760}.Debug|Any CPU.ActiveCfg = Debug|Any CPU
		{94AA3DAC-F34E-472B-B397-C7E2F3325760}.Debug|Any CPU.Build.0 = Debug|Any CPU
		{94AA3DAC-F34E-472B-B397-C7E2F3325760}.Release|Any CPU.ActiveCfg = Release|Any CPU
		{94AA3DAC-F34E-472B-B397-C7E2F3325760}.Release|Any CPU.Build.0 = Release|Any CPU
		{8FD7CC8F-A041-4E44-AF17-990CFEE43F06}.Debug|Any CPU.ActiveCfg = Debug|Any CPU
		{8FD7CC8F-A041-4E44-AF17-990CFEE43F06}.Debug|Any CPU.Build.0 = Debug|Any CPU
		{8FD7CC8F-A041-4E44-AF17-990CFEE43F06}.Release|Any CPU.ActiveCfg = Release|Any CPU
		{8FD7CC8F-A041-4E44-AF17-990CFEE43F06}.Release|Any CPU.Build.0 = Release|Any CPU
		{D3B9B7DB-0B68-478C-8847-A1F10DFB5F7C}.Debug|Any CPU.ActiveCfg = Debug|Any CPU
		{D3B9B7DB-0B68-478C-8847-A1F10DFB5F7C}.Debug|Any CPU.Build.0 = Debug|Any CPU
		{D3B9B7DB-0B68-478C-8847-A1F10DFB5F7C}.Release|Any CPU.ActiveCfg = Release|Any CPU
		{D3B9B7DB-0B68-478C-8847-A1F10DFB5F7C}.Release|Any CPU.Build.0 = Release|Any CPU
	EndGlobalSection
	GlobalSection(SolutionProperties) = preSolution
		HideSolutionNode = FALSE
	EndGlobalSection
	GlobalSection(NestedProjects) = preSolution
		{94AA3DAC-F34E-472B-B397-C7E2F3325760} = {A6702454-EA89-48B0-8326-D1AAAFE5F70C}
		{8FD7CC8F-A041-4E44-AF17-990CFEE43F06} = {A6702454-EA89-48B0-8326-D1AAAFE5F70C}
		{D3B9B7DB-0B68-478C-8847-A1F10DFB5F7C} = {0D19C2FB-3BC5-45C4-A9DA-AD1690BE89E6}
	EndGlobalSection
	GlobalSection(ExtensibilityGlobals) = postSolution
		SolutionGuid = {B99A1514-4250-4C74-933E-2B3D857CB6AA}
	EndGlobalSection
EndGlobal
